
Microsoft Visual Studio Solution File, Format Version 12.00
# Visual Studio 2012
Project("{FAE04EC0-301F-11D3-BF4B-00C04F79EFBC}") = "ReflectionKata1", "ReflectionKata1\ReflectionKata1.csproj", "{D56B45E0-126F-4B4C-B7ED-ECB7986360E6}"
EndProject
Global
	GlobalSection(SolutionConfigurationPlatforms) = preSolution
		Debug|Any CPU = Debug|Any CPU
		Release|Any CPU = Release|Any CPU
	EndGlobalSection
	GlobalSection(ProjectConfigurationPlatforms) = postSolution
		{D56B45E0-126F-4B4C-B7ED-ECB7986360E6}.Debug|Any CPU.ActiveCfg = Debug|Any CPU
		{D56B45E0-126F-4B4C-B7ED-ECB7986360E6}.Debug|Any CPU.Build.0 = Debug|Any CPU
		{D56B45E0-126F-4B4C-B7ED-ECB7986360E6}.Release|Any CPU.ActiveCfg = Release|Any CPU
		{D56B45E0-126F-4B4C-B7ED-ECB7986360E6}.Release|Any CPU.Build.0 = Release|Any CPU
	EndGlobalSection
	GlobalSection(SolutionProperties) = preSolution
		HideSolutionNode = FALSE
	EndGlobalSection
EndGlobal
